
Microsoft Visual Studio Solution File, Format Version 12.00
# Visual Studio Version 16
VisualStudioVersion = 16.0.32510.428
MinimumVisualStudioVersion = 10.0.40219.1
Project("{FAE04EC0-301F-11D3-BF4B-00C04F79EFBC}") = "FindUniqueWords", "FindUniqueWords\FindUniqueWords.csproj", "{C69FF8FD-E471-42B1-986A-8EF102945EA9}"
EndProject
Global
	GlobalSection(SolutionConfigurationPlatforms) = preSolution
		Debug|Any CPU = Debug|Any CPU
		Release|Any CPU = Release|Any CPU
	EndGlobalSection
	GlobalSection(ProjectConfigurationPlatforms) = postSolution
		{C69FF8FD-E471-42B1-986A-8EF102945EA9}.Debug|Any CPU.ActiveCfg = Debug|Any CPU
		{C69FF8FD-E471-42B1-986A-8EF102945EA9}.Debug|Any CPU.Build.0 = Debug|Any CPU
		{C69FF8FD-E471-42B1-986A-8EF102945EA9}.Release|Any CPU.ActiveCfg = Release|Any CPU
		{C69FF8FD-E471-42B1-986A-8EF102945EA9}.Release|Any CPU.Build.0 = Release|Any CPU
	EndGlobalSection
	GlobalSection(SolutionProperties) = preSolution
		HideSolutionNode = FALSE
	EndGlobalSection
	GlobalSection(ExtensibilityGlobals) = postSolution
		SolutionGuid = {EE6D6B5F-B212-40E1-B5F1-90752EC8F5E4}
	EndGlobalSection
EndGlobal
